
Microsoft Visual Studio Solution File, Format Version 12.00
# Visual Studio Version 17
VisualStudioVersion = 17.8.34322.80
MinimumVisualStudioVersion = 10.0.40219.1
Project("{FAE04EC0-301F-11D3-BF4B-00C04F79EFBC}") = "NeekoGG", "NeekoGG\NeekoGG.csproj", "{F1B46176-7862-411C-833B-DBA0B16D4D5D}"
EndProject
Global
	GlobalSection(SolutionConfigurationPlatforms) = preSolution
		Debug|Any CPU = Debug|Any CPU
		Release|Any CPU = Release|Any CPU
	EndGlobalSection
	GlobalSection(ProjectConfigurationPlatforms) = postSolution
		{F1B46176-7862-411C-833B-DBA0B16D4D5D}.Debug|Any CPU.ActiveCfg = Debug|Any CPU
		{F1B46176-7862-411C-833B-DBA0B16D4D5D}.Debug|Any CPU.Build.0 = Debug|Any CPU
		{F1B46176-7862-411C-833B-DBA0B16D4D5D}.Release|Any CPU.ActiveCfg = Release|Any CPU
		{F1B46176-7862-411C-833B-DBA0B16D4D5D}.Release|Any CPU.Build.0 = Release|Any CPU
	EndGlobalSection
	GlobalSection(SolutionProperties) = preSolution
		HideSolutionNode = FALSE
	EndGlobalSection
	GlobalSection(ExtensibilityGlobals) = postSolution
		SolutionGuid = {CBD5F3EB-D2AC-40B9-8130-C3432EA53AEB}
	EndGlobalSection
EndGlobal
